PODS:
  - Flutter (1.0.0)
  - flutter_object_detect (0.0.1):
    - Flutter
    - TensorFlowLiteTaskVision
  - image_picker_ios (0.0.1):
    - Flutter
  - path_provider_ios (0.0.1):
    - Flutter
  - TensorFlowLiteTaskVision (0.4.1)

DEPENDENCIES:
  - Flutter (from `Flutter`)
  - flutter_object_detect (from `.symlinks/plugins/flutter_object_detect/ios`)
  - image_picker_ios (from `.symlinks/plugins/image_picker_ios/ios`)
  - path_provider_ios (from `.symlinks/plugins/path_provider_ios/ios`)

SPEC REPOS:
  trunk:
    - TensorFlowLiteTaskVision

EXTERNAL SOURCES:
  Flutter:
    :path: Flutter
  flutter_object_detect:
    :path: ".symlinks/plugins/flutter_object_detect/ios"
  image_picker_ios:
    :path: ".symlinks/plugins/image_picker_ios/ios"
  path_provider_ios:
    :path: ".symlinks/plugins/path_provider_ios/ios"

SPEC CHECKSUMS:
  Flutter: 50d75fe2f02b26cc09d224853bb45737f8b3214a
  flutter_object_detect: d5ebb6b6e34bb6a93885a531ea984fe19ad7af23
  image_picker_ios: b786a5dcf033a8336a657191401bfdf12017dabb
  path_provider_ios: 14f3d2fd28c4fdb42f44e0f751d12861c43cee02
  TensorFlowLiteTaskVision: 3eca550fd6d3dd815569e3f0cba8ae9c71a90d2e

PODFILE CHECKSUM: fe0e1ee7f3d1f7d00b11b474b62dd62134535aea

COCOAPODS: 1.11.2
